Microsoft Visual Studio Solution File, Format Version 12.00
# Visual Studio 15
VisualStudioVersion = 15.0.27130.2010
MinimumVisualStudioVersion = 15.0.26124.0
Project("{9A19103F-16F7-4668-BE54-9A1E7A4F7556}") = "Website", "Website\Website.csproj", "{4EB57ACE-C2B1-417E-A0AA-CB0EEFFBD02D}"
EndProject
Project("{9A19103F-16F7-4668-BE54-9A1E7A4F7556}") = "Api", "Api\Api.csproj", "{084E3360-BDE6-4144-A782-B21719DF18FC}"
EndProject
Project("{FAE04EC0-301F-11D3-BF4B-00C04F79EFBC}") = "ElasticSearch", "ElasticSearch\ElasticSearch.csproj", "{99DAFEAD-558B-4656-9FC8-ECF85E69A604}"
EndProject
Global
	GlobalSection(SolutionConfigurationPlatforms) = preSolution
		Debug|Any CPU = Debug|Any CPU
		Debug|x64 = Debug|x64
		Debug|x86 = Debug|x86
		Release|Any CPU = Release|Any CPU
		Release|x64 = Release|x64
		Release|x86 = Release|x86
	EndGlobalSection
	GlobalSection(ProjectConfigurationPlatforms) = postSolution
		{4EB57ACE-C2B1-417E-A0AA-CB0EEFFBD02D}.Debug|Any CPU.ActiveCfg = Debug|Any CPU
		{4EB57ACE-C2B1-417E-A0AA-CB0EEFFBD02D}.Debug|Any CPU.Build.0 = Debug|Any CPU
		{4EB57ACE-C2B1-417E-A0AA-CB0EEFFBD02D}.Debug|x64.ActiveCfg = Debug|Any CPU
		{4EB57ACE-C2B1-417E-A0AA-CB0EEFFBD02D}.Debug|x64.Build.0 = Debug|Any CPU
		{4EB57ACE-C2B1-417E-A0AA-CB0EEFFBD02D}.Debug|x86.ActiveCfg = Debug|Any CPU
		{4EB57ACE-C2B1-417E-A0AA-CB0EEFFBD02D}.Debug|x86.Build.0 = Debug|Any CPU
		{4EB57ACE-C2B1-417E-A0AA-CB0EEFFBD02D}.Release|Any CPU.ActiveCfg = Release|Any CPU
		{4EB57ACE-C2B1-417E-A0AA-CB0EEFFBD02D}.Release|Any CPU.Build.0 = Release|Any CPU
		{4EB57ACE-C2B1-417E-A0AA-CB0EEFFBD02D}.Release|x64.ActiveCfg = Release|Any CPU
		{4EB57ACE-C2B1-417E-A0AA-CB0EEFFBD02D}.Release|x64.Build.0 = Release|Any CPU
		{4EB57ACE-C2B1-417E-A0AA-CB0EEFFBD02D}.Release|x86.ActiveCfg = Release|Any CPU
		{4EB57ACE-C2B1-417E-A0AA-CB0EEFFBD02D}.Release|x86.Build.0 = Release|Any CPU
		{084E3360-BDE6-4144-A782-B21719DF18FC}.Debug|Any CPU.ActiveCfg = Debug|Any CPU
		{084E3360-BDE6-4144-A782-B21719DF18FC}.Debug|Any CPU.Build.0 = Debug|Any CPU
		{084E3360-BDE6-4144-A782-B21719DF18FC}.Debug|x64.ActiveCfg = Debug|Any CPU
		{084E3360-BDE6-4144-A782-B21719DF18FC}.Debug|x64.Build.0 = Debug|Any CPU
		{084E3360-BDE6-4144-A782-B21719DF18FC}.Debug|x86.ActiveCfg = Debug|Any CPU
		{084E3360-BDE6-4144-A782-B21719DF18FC}.Debug|x86.Build.0 = Debug|Any CPU
		{084E3360-BDE6-4144-A782-B21719DF18FC}.Release|Any CPU.ActiveCfg = Release|Any CPU
		{084E3360-BDE6-4144-A782-B21719DF18FC}.Release|Any CPU.Build.0 = Release|Any CPU
		{084E3360-BDE6-4144-A782-B21719DF18FC}.Release|x64.ActiveCfg = Release|Any CPU
		{084E3360-BDE6-4144-A782-B21719DF18FC}.Release|x64.Build.0 = Release|Any CPU
		{084E3360-BDE6-4144-A782-B21719DF18FC}.Release|x86.ActiveCfg = Release|Any CPU
		{084E3360-BDE6-4144-A782-B21719DF18FC}.Release|x86.Build.0 = Release|Any CPU
		{99DAFEAD-558B-4656-9FC8-ECF85E69A604}.Debug|Any CPU.ActiveCfg = Debug|Any CPU
		{99DAFEAD-558B-4656-9FC8-ECF85E69A604}.Debug|Any CPU.Build.0 = Debug|Any CPU
		{99DAFEAD-558B-4656-9FC8-ECF85E69A604}.Debug|x64.ActiveCfg = Debug|Any CPU
		{99DAFEAD-558B-4656-9FC8-ECF85E69A604}.Debug|x64.Build.0 = Debug|Any CPU
		{99DAFEAD-558B-4656-9FC8-ECF85E69A604}.Debug|x86.ActiveCfg = Debug|Any CPU
		{99DAFEAD-558B-4656-9FC8-ECF85E69A604}.Debug|x86.Build.0 = Debug|Any CPU
		{99DAFEAD-558B-4656-9FC8-ECF85E69A604}.Release|Any CPU.ActiveCfg = Release|Any CPU
		{99DAFEAD-558B-4656-9FC8-ECF85E69A604}.Release|Any CPU.Build.0 = Release|Any CPU
		{99DAFEAD-558B-4656-9FC8-ECF85E69A604}.Release|x64.ActiveCfg = Release|Any CPU
		{99DAFEAD-558B-4656-9FC8-ECF85E69A604}.Release|x64.Build.0 = Release|Any CPU
		{99DAFEAD-558B-4656-9FC8-ECF85E69A604}.Release|x86.ActiveCfg = Release|Any CPU
		{99DAFEAD-558B-4656-9FC8-ECF85E69A604}.Release|x86.Build.0 = Release|Any CPU
	EndGlobalSection
	GlobalSection(SolutionProperties) = preSolution
		HideSolutionNode = FALSE
	EndGlobalSection
	GlobalSection(ExtensibilityGlobals) = postSolution
		SolutionGuid = {9BD4D009-D280-4F20-9D1F-E7BB074706CA}
	EndGlobalSection
EndGlobal
